
Microsoft Visual Studio Solution File, Format Version 12.00
# Visual Studio 15
VisualStudioVersion = 15.0.27130.2010
MinimumVisualStudioVersion = 10.0.40219.1
Project("{FAE04EC0-301F-11D3-BF4B-00C04F79EFBC}") = "SingleInheritance", "SingleInheritance\SingleInheritance.csproj", "{D86D4894-0F18-4C00-AF0F-29756A4282C5}"
EndProject
Project("{FAE04EC0-301F-11D3-BF4B-00C04F79EFBC}") = "MultipleInheritance", "MultipleInheritance\MultipleInheritance.csproj", "{EBC325AF-6F3E-466B-9742-1AC239AC001F}"
EndProject
Project("{FAE04EC0-301F-11D3-BF4B-00C04F79EFBC}") = "HierarchicalInheritance", "HierarchicalInheritance\HierarchicalInheritance.csproj", "{CDD7C281-EFCB-406C-AFE2-FDCBF25D7D9C}"
EndProject
Project("{FAE04EC0-301F-11D3-BF4B-00C04F79EFBC}") = "RandomList", "RandomList\RandomList.csproj", "{1C172AB0-7B74-49CE-A92A-75099B1853C0}"
EndProject
Project("{FAE04EC0-301F-11D3-BF4B-00C04F79EFBC}") = "StackOfStrings", "StackOfStrings\StackOfStrings.csproj", "{888F48B4-AB5E-4C29-B944-4EB7B028CED8}"
EndProject
Global
	GlobalSection(SolutionConfigurationPlatforms) = preSolution
		Debug|Any CPU = Debug|Any CPU
		Release|Any CPU = Release|Any CPU
	EndGlobalSection
	GlobalSection(ProjectConfigurationPlatforms) = postSolution
		{D86D4894-0F18-4C00-AF0F-29756A4282C5}.Debug|Any CPU.ActiveCfg = Debug|Any CPU
		{D86D4894-0F18-4C00-AF0F-29756A4282C5}.Debug|Any CPU.Build.0 = Debug|Any CPU
		{D86D4894-0F18-4C00-AF0F-29756A4282C5}.Release|Any CPU.ActiveCfg = Release|Any CPU
		{D86D4894-0F18-4C00-AF0F-29756A4282C5}.Release|Any CPU.Build.0 = Release|Any CPU
		{EBC325AF-6F3E-466B-9742-1AC239AC001F}.Debug|Any CPU.ActiveCfg = Debug|Any CPU
		{EBC325AF-6F3E-466B-9742-1AC239AC001F}.Debug|Any CPU.Build.0 = Debug|Any CPU
		{EBC325AF-6F3E-466B-9742-1AC239AC001F}.Release|Any CPU.ActiveCfg = Release|Any CPU
		{EBC325AF-6F3E-466B-9742-1AC239AC001F}.Release|Any CPU.Build.0 = Release|Any CPU
		{CDD7C281-EFCB-406C-AFE2-FDCBF25D7D9C}.Debug|Any CPU.ActiveCfg = Debug|Any CPU
		{CDD7C281-EFCB-406C-AFE2-FDCBF25D7D9C}.Debug|Any CPU.Build.0 = Debug|Any CPU
		{CDD7C281-EFCB-406C-AFE2-FDCBF25D7D9C}.Release|Any CPU.ActiveCfg = Release|Any CPU
		{CDD7C281-EFCB-406C-AFE2-FDCBF25D7D9C}.Release|Any CPU.Build.0 = Release|Any CPU
		{1C172AB0-7B74-49CE-A92A-75099B1853C0}.Debug|Any CPU.ActiveCfg = Debug|Any CPU
		{1C172AB0-7B74-49CE-A92A-75099B1853C0}.Debug|Any CPU.Build.0 = Debug|Any CPU
		{1C172AB0-7B74-49CE-A92A-75099B1853C0}.Release|Any CPU.ActiveCfg = Release|Any CPU
		{1C172AB0-7B74-49CE-A92A-75099B1853C0}.Release|Any CPU.Build.0 = Release|Any CPU
		{888F48B4-AB5E-4C29-B944-4EB7B028CED8}.Debug|Any CPU.ActiveCfg = Debug|Any CPU
		{888F48B4-AB5E-4C29-B944-4EB7B028CED8}.Debug|Any CPU.Build.0 = Debug|Any CPU
		{888F48B4-AB5E-4C29-B944-4EB7B028CED8}.Release|Any CPU.ActiveCfg = Release|Any CPU
		{888F48B4-AB5E-4C29-B944-4EB7B028CED8}.Release|Any CPU.Build.0 = Release|Any CPU
	EndGlobalSection
	GlobalSection(SolutionProperties) = preSolution
		HideSolutionNode = FALSE
	EndGlobalSection
	GlobalSection(ExtensibilityGlobals) = postSolution
		SolutionGuid = {446143A9-DBC3-40FC-9CB9-69486EFCBAA8}
	EndGlobalSection
EndGlobal
