
Microsoft Visual Studio Solution File, Format Version 12.00
# Visual Studio 15
VisualStudioVersion = 15.0.27428.2037
MinimumVisualStudioVersion = 10.0.40219.1
Project("{FAE04EC0-301F-11D3-BF4B-00C04F79EFBC}") = "NeedForSpeed", "NeedForSpeed\NeedForSpeed.csproj", "{D46A4FC6-3EF1-4ADF-ADDE-11EA58F71636}"
EndProject
Global
	GlobalSection(SolutionConfigurationPlatforms) = preSolution
		Debug|Any CPU = Debug|Any CPU
		Release|Any CPU = Release|Any CPU
	EndGlobalSection
	GlobalSection(ProjectConfigurationPlatforms) = postSolution
		{D46A4FC6-3EF1-4ADF-ADDE-11EA58F71636}.Debug|Any CPU.ActiveCfg = Debug|Any CPU
		{D46A4FC6-3EF1-4ADF-ADDE-11EA58F71636}.Debug|Any CPU.Build.0 = Debug|Any CPU
		{D46A4FC6-3EF1-4ADF-ADDE-11EA58F71636}.Release|Any CPU.ActiveCfg = Release|Any CPU
		{D46A4FC6-3EF1-4ADF-ADDE-11EA58F71636}.Release|Any CPU.Build.0 = Release|Any CPU
	EndGlobalSection
	GlobalSection(SolutionProperties) = preSolution
		HideSolutionNode = FALSE
	EndGlobalSection
	GlobalSection(ExtensibilityGlobals) = postSolution
		SolutionGuid = {ABFAC236-B005-4138-A8EC-C3EB85B5AB6F}
	EndGlobalSection
EndGlobal
