
Microsoft Visual Studio Solution File, Format Version 12.00
# Visual Studio 15
VisualStudioVersion = 15.0.27130.2010
MinimumVisualStudioVersion = 10.0.40219.1
Project("{FAE04EC0-301F-11D3-BF4B-00C04F79EFBC}") = "SortPersonsByNameAndAge", "SortPersonsByNameAndAge\SortPersonsByNameAndAge.csproj", "{C5B4C0D4-5F0C-4D55-8564-C2EF6724E5B4}"
EndProject
Project("{FAE04EC0-301F-11D3-BF4B-00C04F79EFBC}") = "Salary Increase", "Salary Increase\Salary Increase.csproj", "{6CE7714A-BFB9-498A-9D24-47957198D8F9}"
EndProject
Project("{FAE04EC0-301F-11D3-BF4B-00C04F79EFBC}") = "Validation of Data", "Validation of Data\Validation of Data.csproj", "{68D8298B-AA40-4165-B90C-2E5B91F2CE05}"
EndProject
Project("{FAE04EC0-301F-11D3-BF4B-00C04F79EFBC}") = "First and Reserve Team", "First and Reserve Team\First and Reserve Team.csproj", "{AABDB7FB-7E10-4662-89AB-D281C7ACC224}"
EndProject
Global
	GlobalSection(SolutionConfigurationPlatforms) = preSolution
		Debug|Any CPU = Debug|Any CPU
		Release|Any CPU = Release|Any CPU
	EndGlobalSection
	GlobalSection(ProjectConfigurationPlatforms) = postSolution
		{C5B4C0D4-5F0C-4D55-8564-C2EF6724E5B4}.Debug|Any CPU.ActiveCfg = Debug|Any CPU
		{C5B4C0D4-5F0C-4D55-8564-C2EF6724E5B4}.Debug|Any CPU.Build.0 = Debug|Any CPU
		{C5B4C0D4-5F0C-4D55-8564-C2EF6724E5B4}.Release|Any CPU.ActiveCfg = Release|Any CPU
		{C5B4C0D4-5F0C-4D55-8564-C2EF6724E5B4}.Release|Any CPU.Build.0 = Release|Any CPU
		{6CE7714A-BFB9-498A-9D24-47957198D8F9}.Debug|Any CPU.ActiveCfg = Debug|Any CPU
		{6CE7714A-BFB9-498A-9D24-47957198D8F9}.Debug|Any CPU.Build.0 = Debug|Any CPU
		{6CE7714A-BFB9-498A-9D24-47957198D8F9}.Release|Any CPU.ActiveCfg = Release|Any CPU
		{6CE7714A-BFB9-498A-9D24-47957198D8F9}.Release|Any CPU.Build.0 = Release|Any CPU
		{68D8298B-AA40-4165-B90C-2E5B91F2CE05}.Debug|Any CPU.ActiveCfg = Debug|Any CPU
		{68D8298B-AA40-4165-B90C-2E5B91F2CE05}.Debug|Any CPU.Build.0 = Debug|Any CPU
		{68D8298B-AA40-4165-B90C-2E5B91F2CE05}.Release|Any CPU.ActiveCfg = Release|Any CPU
		{68D8298B-AA40-4165-B90C-2E5B91F2CE05}.Release|Any CPU.Build.0 = Release|Any CPU
		{AABDB7FB-7E10-4662-89AB-D281C7ACC224}.Debug|Any CPU.ActiveCfg = Debug|Any CPU
		{AABDB7FB-7E10-4662-89AB-D281C7ACC224}.Debug|Any CPU.Build.0 = Debug|Any CPU
		{AABDB7FB-7E10-4662-89AB-D281C7ACC224}.Release|Any CPU.ActiveCfg = Release|Any CPU
		{AABDB7FB-7E10-4662-89AB-D281C7ACC224}.Release|Any CPU.Build.0 = Release|Any CPU
	EndGlobalSection
	GlobalSection(SolutionProperties) = preSolution
		HideSolutionNode = FALSE
	EndGlobalSection
	GlobalSection(ExtensibilityGlobals) = postSolution
		SolutionGuid = {2E19B813-ADE0-4766-A79E-5FFD4F75A0AF}
	EndGlobalSection
EndGlobal
