
Microsoft Visual Studio Solution File, Format Version 12.00
# Visual Studio 15
VisualStudioVersion = 15.0.27428.2037
MinimumVisualStudioVersion = 10.0.40219.1
Project("{FAE04EC0-301F-11D3-BF4B-00C04F79EFBC}") = "SystemSplit", "SystemSplit\SystemSplit.csproj", "{82DFCB43-ACC1-4AB0-985F-7176F3B75FE5}"
EndProject
Global
	GlobalSection(SolutionConfigurationPlatforms) = preSolution
		Debug|Any CPU = Debug|Any CPU
		Release|Any CPU = Release|Any CPU
	EndGlobalSection
	GlobalSection(ProjectConfigurationPlatforms) = postSolution
		{82DFCB43-ACC1-4AB0-985F-7176F3B75FE5}.Debug|Any CPU.ActiveCfg = Debug|Any CPU
		{82DFCB43-ACC1-4AB0-985F-7176F3B75FE5}.Debug|Any CPU.Build.0 = Debug|Any CPU
		{82DFCB43-ACC1-4AB0-985F-7176F3B75FE5}.Release|Any CPU.ActiveCfg = Release|Any CPU
		{82DFCB43-ACC1-4AB0-985F-7176F3B75FE5}.Release|Any CPU.Build.0 = Release|Any CPU
	EndGlobalSection
	GlobalSection(SolutionProperties) = preSolution
		HideSolutionNode = FALSE
	EndGlobalSection
	GlobalSection(ExtensibilityGlobals) = postSolution
		SolutionGuid = {788EFA80-2A71-485F-8F5E-3D4254C7D8E3}
	EndGlobalSection
EndGlobal
