
Microsoft Visual Studio Solution File, Format Version 12.00
# Visual Studio 15
VisualStudioVersion = 15.0.27428.2037
MinimumVisualStudioVersion = 10.0.40219.1
Project("{FAE04EC0-301F-11D3-BF4B-00C04F79EFBC}") = "Avatar", "Avatar\Avatar.csproj", "{AFB2A8D6-AA5C-4A0E-9FA4-32417CAB75D5}"
EndProject
Global
	GlobalSection(SolutionConfigurationPlatforms) = preSolution
		Debug|Any CPU = Debug|Any CPU
		Release|Any CPU = Release|Any CPU
	EndGlobalSection
	GlobalSection(ProjectConfigurationPlatforms) = postSolution
		{AFB2A8D6-AA5C-4A0E-9FA4-32417CAB75D5}.Debug|Any CPU.ActiveCfg = Debug|Any CPU
		{AFB2A8D6-AA5C-4A0E-9FA4-32417CAB75D5}.Debug|Any CPU.Build.0 = Debug|Any CPU
		{AFB2A8D6-AA5C-4A0E-9FA4-32417CAB75D5}.Release|Any CPU.ActiveCfg = Release|Any CPU
		{AFB2A8D6-AA5C-4A0E-9FA4-32417CAB75D5}.Release|Any CPU.Build.0 = Release|Any CPU
	EndGlobalSection
	GlobalSection(SolutionProperties) = preSolution
		HideSolutionNode = FALSE
	EndGlobalSection
	GlobalSection(ExtensibilityGlobals) = postSolution
		SolutionGuid = {DDC254DE-660E-4FA1-8AD0-8E98140043C9}
	EndGlobalSection
EndGlobal
