
Microsoft Visual Studio Solution File, Format Version 12.00
# Visual Studio 15
VisualStudioVersion = 15.0.27130.2010
MinimumVisualStudioVersion = 10.0.40219.1
Project("{FAE04EC0-301F-11D3-BF4B-00C04F79EFBC}") = "Vehicles", "Vehicles\Vehicles.csproj", "{E87BF235-5BF9-4219-ADAB-824B8B45A29D}"
EndProject
Project("{FAE04EC0-301F-11D3-BF4B-00C04F79EFBC}") = "Vehicles Extension", "Vehicles Extension\Vehicles Extension.csproj", "{CD72B80A-BDA2-4F7C-9458-1F2F5B70B9C5}"
EndProject
Project("{FAE04EC0-301F-11D3-BF4B-00C04F79EFBC}") = "Wild Farm", "Wild Farm\Wild Farm.csproj", "{FE677B64-F28E-4A82-97AB-14E5132B1EA1}"
EndProject
Global
	GlobalSection(SolutionConfigurationPlatforms) = preSolution
		Debug|Any CPU = Debug|Any CPU
		Release|Any CPU = Release|Any CPU
	EndGlobalSection
	GlobalSection(ProjectConfigurationPlatforms) = postSolution
		{E87BF235-5BF9-4219-ADAB-824B8B45A29D}.Debug|Any CPU.ActiveCfg = Debug|Any CPU
		{E87BF235-5BF9-4219-ADAB-824B8B45A29D}.Debug|Any CPU.Build.0 = Debug|Any CPU
		{E87BF235-5BF9-4219-ADAB-824B8B45A29D}.Release|Any CPU.ActiveCfg = Release|Any CPU
		{E87BF235-5BF9-4219-ADAB-824B8B45A29D}.Release|Any CPU.Build.0 = Release|Any CPU
		{CD72B80A-BDA2-4F7C-9458-1F2F5B70B9C5}.Debug|Any CPU.ActiveCfg = Debug|Any CPU
		{CD72B80A-BDA2-4F7C-9458-1F2F5B70B9C5}.Debug|Any CPU.Build.0 = Debug|Any CPU
		{CD72B80A-BDA2-4F7C-9458-1F2F5B70B9C5}.Release|Any CPU.ActiveCfg = Release|Any CPU
		{CD72B80A-BDA2-4F7C-9458-1F2F5B70B9C5}.Release|Any CPU.Build.0 = Release|Any CPU
		{FE677B64-F28E-4A82-97AB-14E5132B1EA1}.Debug|Any CPU.ActiveCfg = Debug|Any CPU
		{FE677B64-F28E-4A82-97AB-14E5132B1EA1}.Debug|Any CPU.Build.0 = Debug|Any CPU
		{FE677B64-F28E-4A82-97AB-14E5132B1EA1}.Release|Any CPU.ActiveCfg = Release|Any CPU
		{FE677B64-F28E-4A82-97AB-14E5132B1EA1}.Release|Any CPU.Build.0 = Release|Any CPU
	EndGlobalSection
	GlobalSection(SolutionProperties) = preSolution
		HideSolutionNode = FALSE
	EndGlobalSection
	GlobalSection(ExtensibilityGlobals) = postSolution
		SolutionGuid = {5B18A604-ED68-4FF3-A0D9-3D296C5EA02E}
	EndGlobalSection
EndGlobal
