
Microsoft Visual Studio Solution File, Format Version 12.00
# Visual Studio 15
VisualStudioVersion = 15.0.27428.2037
MinimumVisualStudioVersion = 10.0.40219.1
Project("{FAE04EC0-301F-11D3-BF4B-00C04F79EFBC}") = "Minedraft", "Minedraft\Minedraft.csproj", "{35B21682-03A7-4365-BDF0-044C1849CB39}"
EndProject
Global
	GlobalSection(SolutionConfigurationPlatforms) = preSolution
		Debug|Any CPU = Debug|Any CPU
		Release|Any CPU = Release|Any CPU
	EndGlobalSection
	GlobalSection(ProjectConfigurationPlatforms) = postSolution
		{35B21682-03A7-4365-BDF0-044C1849CB39}.Debug|Any CPU.ActiveCfg = Debug|Any CPU
		{35B21682-03A7-4365-BDF0-044C1849CB39}.Debug|Any CPU.Build.0 = Debug|Any CPU
		{35B21682-03A7-4365-BDF0-044C1849CB39}.Release|Any CPU.ActiveCfg = Release|Any CPU
		{35B21682-03A7-4365-BDF0-044C1849CB39}.Release|Any CPU.Build.0 = Release|Any CPU
	EndGlobalSection
	GlobalSection(SolutionProperties) = preSolution
		HideSolutionNode = FALSE
	EndGlobalSection
	GlobalSection(ExtensibilityGlobals) = postSolution
		SolutionGuid = {C80329B9-E610-466E-AFF6-77C9D43F9666}
	EndGlobalSection
EndGlobal
